{
  "name": "@t4top/mina-offline-util",
  "version": "0.1.0",
  "lockfileVersion": 2,
  "requires": true,
  "packages": {
    "": {
      "name": "@t4top/mina-offline-util",
      "version": "0.1.0",
      "license": "GPL-3.0-or-later",
      "dependencies": {
        "@o1labs/client-sdk": "^1.0.1"
      },
      "devDependencies": {
        "prettier": "^2.6.2"
      }
    },
    "node_modules/@o1labs/client-sdk": {
      "version": "1.0.1",
      "resolved": "https://registry.npmjs.org/@o1labs/client-sdk/-/client-sdk-1.0.1.tgz",
      "integrity": "sha512-fHAmY31WIKuXIgMohyf5kJkjNGNqco965YwE2Td4k+IJRswO2ymaIK2Uo4CSp8UqivGzF02i7oJJhzyWWViN5Q==",
      "deprecated": "Please install mina-signer instead.",
      "dependencies": {
        "@types/node": "^13.7.0"
      }
    },
    "node_modules/@types/node": {
      "version": "13.13.52",
      "resolved": "https://registry.npmjs.org/@types/node/-/node-13.13.52.tgz",
      "integrity": "sha512-s3nugnZumCC//n4moGGe6tkNMyYEdaDBitVjwPxXmR5lnMG5dHePinH2EdxkG3Rh1ghFHHixAG4NJhpJW1rthQ=="
    },
    "node_modules/prettier": {
      "version": "2.6.2",
      "resolved": "https://registry.npmjs.org/prettier/-/prettier-2.6.2.tgz",
      "integrity": "sha512-PkUpF+qoXTqhOeWL9fu7As8LXsIUZ1WYaJiY/a7McAQzxjk82OF0tibkFXVCDImZtWxbvojFjerkiLb0/q8mew==",
      "dev": true,
      "bin": {
        "prettier": "bin-prettier.js"
      },
      "engines": {
        "node": ">=10.13.0"
      },
      "funding": {
        "url": "https://github.com/prettier/prettier?sponsor=1"
      }
    }
  },
  "dependencies": {
    "@o1labs/client-sdk": {
      "version": "1.0.1",
      "resolved": "https://registry.npmjs.org/@o1labs/client-sdk/-/client-sdk-1.0.1.tgz",
      "integrity": "sha512-fHAmY31WIKuXIgMohyf5kJkjNGNqco965YwE2Td4k+IJRswO2ymaIK2Uo4CSp8UqivGzF02i7oJJhzyWWViN5Q==",
      "requires": {
        "@types/node": "^13.7.0"
      }
    },
    "@types/node": {
      "version": "13.13.52",
      "resolved": "https://registry.npmjs.org/@types/node/-/node-13.13.52.tgz",
      "integrity": "sha512-s3nugnZumCC//n4moGGe6tkNMyYEdaDBitVjwPxXmR5lnMG5dHePinH2EdxkG3Rh1ghFHHixAG4NJhpJW1rthQ=="
    },
    "prettier": {
      "version": "2.6.2",
      "resolved": "https://registry.npmjs.org/prettier/-/prettier-2.6.2.tgz",
      "integrity": "sha512-PkUpF+qoXTqhOeWL9fu7As8LXsIUZ1WYaJiY/a7McAQzxjk82OF0tibkFXVCDImZtWxbvojFjerkiLb0/q8mew==",
      "dev": true
    }
  }
}
